// !$*UTF8*$!
{
	archiveVersion = 1;
	classes = {
	};
	objectVersion = 50;
	objects = {

/* Begin PBXBuildFile section */
		A1289A18227AA64200FD6148 /* skills.json in Resources */ = {isa = PBXBuildFile; fileRef = A1289A17227AA64200FD6148 /* skills.json */; };
		A1289A21227AB09300FD6148 /* contactInfo.json in Resources */ = {isa = PBXBuildFile; fileRef = A1289A20227AB09300FD6148 /* contactInfo.json */; };
		A1477B7A226EA91A0017FF39 /* AppDelegate.swift in Sources */ = {isa = PBXBuildFile; fileRef = A1477B79226EA91A0017FF39 /* AppDelegate.swift */; };
		A1477B7C226EA91A0017FF39 /* ViewController.swift in Sources */ = {isa = PBXBuildFile; fileRef = A1477B7B226EA91A0017FF39 /* ViewController.swift */; };
		A1477B7F226EA91A0017FF39 /* Main.storyboard in Resources */ = {isa = PBXBuildFile; fileRef = A1477B7D226EA91A0017FF39 /* Main.storyboard */; };
		A1477B82226EA91A0017FF39 /* OriginTest.xcdatamodeld in Sources */ = {isa = PBXBuildFile; fileRef = A1477B80226EA91A0017FF39 /* OriginTest.xcdatamodeld */; };
		A1477B84226EA91C0017FF39 /* Assets.xcassets in Resources */ = {isa = PBXBuildFile; fileRef = A1477B83226EA91C0017FF39 /* Assets.xcassets */; };
		A1477B87226EA91C0017FF39 /* LaunchScreen.storyboard in Resources */ = {isa = PBXBuildFile; fileRef = A1477B85226EA91C0017FF39 /* LaunchScreen.storyboard */; };
		A1477B92226EA91C0017FF39 /* OriginTestTests.swift in Sources */ = {isa = PBXBuildFile; fileRef = A1477B91226EA91C0017FF39 /* OriginTestTests.swift */; };
		A1477B9D226EA91C0017FF39 /* OriginTestUITests.swift in Sources */ = {isa = PBXBuildFile; fileRef = A1477B9C226EA91C0017FF39 /* OriginTestUITests.swift */; };
		A1C53B3F22796C2300991E71 /* work.json in Resources */ = {isa = PBXBuildFile; fileRef = A1C53B3E22796C2300991E71 /* work.json */; };
		DE1F09E32278DF710074C73D /* summary.json in Resources */ = {isa = PBXBuildFile; fileRef = DE1F09E22278DF710074C73D /* summary.json */; };
		DE43B357227B7D0000D0B380 /* bbva.png in Resources */ = {isa = PBXBuildFile; fileRef = DE43B354227B7CFF00D0B380 /* bbva.png */; };
		DE43B358227B7D0000D0B380 /* claro.jpg in Resources */ = {isa = PBXBuildFile; fileRef = DE43B355227B7CFF00D0B380 /* claro.jpg */; };
		DE43B359227B7D0000D0B380 /* hitss.jpeg in Resources */ = {isa = PBXBuildFile; fileRef = DE43B356227B7CFF00D0B380 /* hitss.jpeg */; };
		DE43B35B227B7EC300D0B380 /* free.png in Resources */ = {isa = PBXBuildFile; fileRef = DE43B35A227B7EC300D0B380 /* free.png */; };
		DEC5DBEA2273A55B005309BA /* KeychainService.swift in Sources */ = {isa = PBXBuildFile; fileRef = DEC5DBE92273A55B005309BA /* KeychainService.swift */; };
/* End PBXBuildFile section */

/* Begin PBXContainerItemProxy section */
		A1477B8E226EA91C0017FF39 /* PBXContainerItemProxy */ = {
			isa = PBXContainerItemProxy;
			containerPortal = A1477B6E226EA91A0017FF39 /* Project object */;
			proxyType = 1;
			remoteGlobalIDString = A1477B75226EA91A0017FF39;
			remoteInfo = OriginTest;
		};
		A1477B99226EA91C0017FF39 /* PBXContainerItemProxy */ = {
			isa = PBXContainerItemProxy;
			containerPortal = A1477B6E226EA91A0017FF39 /* Project object */;
			proxyType = 1;
			remoteGlobalIDString = A1477B75226EA91A0017FF39;
			remoteInfo = OriginTest;
		};
/* End PBXContainerItemProxy section */

/* Begin PBXFileReference section */
		A1289A17227AA64200FD6148 /* skills.json */ = {isa = PBXFileReference; lastKnownFileType = text.json; path = skills.json; sourceTree = "<group>"; };
		A1289A20227AB09300FD6148 /* contactInfo.json */ = {isa = PBXFileReference; lastKnownFileType = text.json; path = contactInfo.json; sourceTree = "<group>"; };
		A1477B76226EA91A0017FF39 /* OriginTest.app */ = {isa = PBXFileReference; explicitFileType = wrapper.application; includeInIndex = 0; path = OriginTest.app; sourceTree = BUILT_PRODUCTS_DIR; };
		A1477B79226EA91A0017FF39 /* AppDelegate.swift */ = {isa = PBXFileReference; lastKnownFileType = sourcecode.swift; path = AppDelegate.swift; sourceTree = "<group>"; };
		A1477B7B226EA91A0017FF39 /* ViewController.swift */ = {isa = PBXFileReference; lastKnownFileType = sourcecode.swift; path = ViewController.swift; sourceTree = "<group>"; };
		A1477B7E226EA91A0017FF39 /* Base */ = {isa = PBXFileReference; lastKnownFileType = file.storyboard; name = Base; path = Base.lproj/Main.storyboard; sourceTree = "<group>"; };
		A1477B81226EA91A0017FF39 /* OriginTest.xcdatamodel */ = {isa = PBXFileReference; lastKnownFileType = wrapper.xcdatamodel; path = OriginTest.xcdatamodel; sourceTree = "<group>"; };
		A1477B83226EA91C0017FF39 /* Assets.xcassets */ = {isa = PBXFileReference; lastKnownFileType = folder.assetcatalog; path = Assets.xcassets; sourceTree = "<group>"; };
		A1477B86226EA91C0017FF39 /* Base */ = {isa = PBXFileReference; lastKnownFileType = file.storyboard; name = Base; path = Base.lproj/LaunchScreen.storyboard; sourceTree = "<group>"; };
		A1477B88226EA91C0017FF39 /* Info.plist */ = {isa = PBXFileReference; lastKnownFileType = text.plist.xml; path = Info.plist; sourceTree = "<group>"; };
		A1477B8D226EA91C0017FF39 /* OriginTestTests.xctest */ = {isa = PBXFileReference; explicitFileType = wrapper.cfbundle; includeInIndex = 0; path = OriginTestTests.xctest; sourceTree = BUILT_PRODUCTS_DIR; };
		A1477B91226EA91C0017FF39 /* OriginTestTests.swift */ = {isa = PBXFileReference; lastKnownFileType = sourcecode.swift; path = OriginTestTests.swift; sourceTree = "<group>"; };
		A1477B93226EA91C0017FF39 /* Info.plist */ = {isa = PBXFileReference; lastKnownFileType = text.plist.xml; path = Info.plist; sourceTree = "<group>"; };
		A1477B98226EA91C0017FF39 /* OriginTestUITests.xctest */ = {isa = PBXFileReference; explicitFileType = wrapper.cfbundle; includeInIndex = 0; path = OriginTestUITests.xctest; sourceTree = BUILT_PRODUCTS_DIR; };
		A1477B9C226EA91C0017FF39 /* OriginTestUITests.swift */ = {isa = PBXFileReference; lastKnownFileType = sourcecode.swift; path = OriginTestUITests.swift; sourceTree = "<group>"; };
		A1477B9E226EA91C0017FF39 /* Info.plist */ = {isa = PBXFileReference; lastKnownFileType = text.plist.xml; path = Info.plist; sourceTree = "<group>"; };
		A1477BAA226EAA520017FF39 /* OriginTest.entitlements */ = {isa = PBXFileReference; lastKnownFileType = text.plist.entitlements; path = OriginTest.entitlements; sourceTree = "<group>"; };
		A1C53B3E22796C2300991E71 /* work.json */ = {isa = PBXFileReference; lastKnownFileType = text.json; path = work.json; sourceTree = "<group>"; };
		DE1F09E22278DF710074C73D /* summary.json */ = {isa = PBXFileReference; fileEncoding = 4; lastKnownFileType = text.json; path = summary.json; sourceTree = "<group>"; };
		DE43B354227B7CFF00D0B380 /* bbva.png */ = {isa = PBXFileReference; lastKnownFileType = image.png; path = bbva.png; sourceTree = "<group>"; };
		DE43B355227B7CFF00D0B380 /* claro.jpg */ = {isa = PBXFileReference; lastKnownFileType = image.jpeg; path = claro.jpg; sourceTree = "<group>"; };
		DE43B356227B7CFF00D0B380 /* hitss.jpeg */ = {isa = PBXFileReference; lastKnownFileType = image.jpeg; path = hitss.jpeg; sourceTree = "<group>"; };
		DE43B35A227B7EC300D0B380 /* free.png */ = {isa = PBXFileReference; lastKnownFileType = image.png; path = free.png; sourceTree = "<group>"; };
		DEC5DBE92273A55B005309BA /* KeychainService.swift */ = {isa = PBXFileReference; lastKnownFileType = sourcecode.swift; path = KeychainService.swift; sourceTree = "<group>"; };
/* End PBXFileReference section */

/* Begin PBXFrameworksBuildPhase section */
		A1477B73226EA91A0017FF39 /* Frameworks */ = {
			isa = PBXFrameworksBuildPhase;
			buildActionMask = 2147483647;
			files = (
			);
			runOnlyForDeploymentPostprocessing = 0;
		};
		A1477B8A226EA91C0017FF39 /* Frameworks */ = {
			isa = PBXFrameworksBuildPhase;
			buildActionMask = 2147483647;
			files = (
			);
			runOnlyForDeploymentPostprocessing = 0;
		};
		A1477B95226EA91C0017FF39 /* Frameworks */ = {
			isa = PBXFrameworksBuildPhase;
			buildActionMask = 2147483647;
			files = (
			);
			runOnlyForDeploymentPostprocessing = 0;
		};
/* End PBXFrameworksBuildPhase section */

/* Begin PBXGroup section */
		A1477B6D226EA91A0017FF39 = {
			isa = PBXGroup;
			children = (
				A1477B78226EA91A0017FF39 /* OriginTest */,
				A1477B90226EA91C0017FF39 /* OriginTestTests */,
				A1477B9B226EA91C0017FF39 /* OriginTestUITests */,
				A1477B77226EA91A0017FF39 /* Products */,
			);
			sourceTree = "<group>";
		};
		A1477B77226EA91A0017FF39 /* Products */ = {
			isa = PBXGroup;
			children = (
				A1477B76226EA91A0017FF39 /* OriginTest.app */,
				A1477B8D226EA91C0017FF39 /* OriginTestTests.xctest */,
				A1477B98226EA91C0017FF39 /* OriginTestUITests.xctest */,
			);
			name = Products;
			sourceTree = "<group>";
		};
		A1477B78226EA91A0017FF39 /* OriginTest */ = {
			isa = PBXGroup;
			children = (
				A1477BAA226EAA520017FF39 /* OriginTest.entitlements */,
				A1477B79226EA91A0017FF39 /* AppDelegate.swift */,
				A1477B7B226EA91A0017FF39 /* ViewController.swift */,
				A1477B7D226EA91A0017FF39 /* Main.storyboard */,
				DE1F09E22278DF710074C73D /* summary.json */,
				DE43B354227B7CFF00D0B380 /* bbva.png */,
				DE43B355227B7CFF00D0B380 /* claro.jpg */,
				DE43B35A227B7EC300D0B380 /* free.png */,
				DE43B356227B7CFF00D0B380 /* hitss.jpeg */,
				A1C53B3E22796C2300991E71 /* work.json */,
				A1477B83226EA91C0017FF39 /* Assets.xcassets */,
				A1477B85226EA91C0017FF39 /* LaunchScreen.storyboard */,
				A1477B88226EA91C0017FF39 /* Info.plist */,
				A1477B80226EA91A0017FF39 /* OriginTest.xcdatamodeld */,
				DEC5DBE92273A55B005309BA /* KeychainService.swift */,
				A1289A17227AA64200FD6148 /* skills.json */,
				A1289A20227AB09300FD6148 /* contactInfo.json */,
			);
			path = OriginTest;
			sourceTree = "<group>";
		};
		A1477B90226EA91C0017FF39 /* OriginTestTests */ = {
			isa = PBXGroup;
			children = (
				A1477B91226EA91C0017FF39 /* OriginTestTests.swift */,
				A1477B93226EA91C0017FF39 /* Info.plist */,
			);
			path = OriginTestTests;
			sourceTree = "<group>";
		};
		A1477B9B226EA91C0017FF39 /* OriginTestUITests */ = {
			isa = PBXGroup;
			children = (
				A1477B9C226EA91C0017FF39 /* OriginTestUITests.swift */,
				A1477B9E226EA91C0017FF39 /* Info.plist */,
			);
			path = OriginTestUITests;
			sourceTree = "<group>";
		};
/* End PBXGroup section */

/* Begin PBXNativeTarget section */
		A1477B75226EA91A0017FF39 /* OriginTest */ = {
			isa = PBXNativeTarget;
			buildConfigurationList = A1477BA1226EA91C0017FF39 /* Build configuration list for PBXNativeTarget "OriginTest" */;
			buildPhases = (
				A1477B72226EA91A0017FF39 /* Sources */,
				A1477B73226EA91A0017FF39 /* Frameworks */,
				A1477B74226EA91A0017FF39 /* Resources */,
			);
			buildRules = (
			);
			dependencies = (
			);
			name = OriginTest;
			productName = OriginTest;
			productReference = A1477B76226EA91A0017FF39 /* OriginTest.app */;
			productType = "com.apple.product-type.application";
		};
		A1477B8C226EA91C0017FF39 /* OriginTestTests */ = {
			isa = PBXNativeTarget;
			buildConfigurationList = A1477BA4226EA91C0017FF39 /* Build configuration list for PBXNativeTarget "OriginTestTests" */;
			buildPhases = (
				A1477B89226EA91C0017FF39 /* Sources */,
				A1477B8A226EA91C0017FF39 /* Frameworks */,
				A1477B8B226EA91C0017FF39 /* Resources */,
			);
			buildRules = (
			);
			dependencies = (
				A1477B8F226EA91C0017FF39 /* PBXTargetDependency */,
			);
			name = OriginTestTests;
			productName = OriginTestTests;
			productReference = A1477B8D226EA91C0017FF39 /* OriginTestTests.xctest */;
			productType = "com.apple.product-type.bundle.unit-test";
		};
		A1477B97226EA91C0017FF39 /* OriginTestUITests */ = {
			isa = PBXNativeTarget;
			buildConfigurationList = A1477BA7226EA91C0017FF39 /* Build configuration list for PBXNativeTarget "OriginTestUITests" */;
			buildPhases = (
				A1477B94226EA91C0017FF39 /* Sources */,
				A1477B95226EA91C0017FF39 /* Frameworks */,
				A1477B96226EA91C0017FF39 /* Resources */,
			);
			buildRules = (
			);
			dependencies = (
				A1477B9A226EA91C0017FF39 /* PBXTargetDependency */,
			);
			name = OriginTestUITests;
			productName = OriginTestUITests;
			productReference = A1477B98226EA91C0017FF39 /* OriginTestUITests.xctest */;
			productType = "com.apple.product-type.bundle.ui-testing";
		};
/* End PBXNativeTarget section */

/* Begin PBXProject section */
		A1477B6E226EA91A0017FF39 /* Project object */ = {
			isa = PBXProject;
			attributes = {
				LastSwiftUpdateCheck = 1010;
				LastUpgradeCheck = 1010;
				ORGANIZATIONNAME = "Jair Moreno Gaspar";
				TargetAttributes = {
					A1477B75226EA91A0017FF39 = {
						CreatedOnToolsVersion = 10.1;
						SystemCapabilities = {
							com.apple.ApplicationGroups.iOS = {
								enabled = 1;
							};
							com.apple.Keychain = {
								enabled = 1;
							};
						};
					};
					A1477B8C226EA91C0017FF39 = {
						CreatedOnToolsVersion = 10.1;
						TestTargetID = A1477B75226EA91A0017FF39;
					};
					A1477B97226EA91C0017FF39 = {
						CreatedOnToolsVersion = 10.1;
						TestTargetID = A1477B75226EA91A0017FF39;
					};
				};
			};
			buildConfigurationList = A1477B71226EA91A0017FF39 /* Build configuration list for PBXProject "OriginTest" */;
			compatibilityVersion = "Xcode 9.3";
			developmentRegion = en;
			hasScannedForEncodings = 0;
			knownRegions = (
				en,
				Base,
			);
			mainGroup = A1477B6D226EA91A0017FF39;
			productRefGroup = A1477B77226EA91A0017FF39 /* Products */;
			projectDirPath = "";
			projectRoot = "";
			targets = (
				A1477B75226EA91A0017FF39 /* OriginTest */,
				A1477B8C226EA91C0017FF39 /* OriginTestTests */,
				A1477B97226EA91C0017FF39 /* OriginTestUITests */,
			);
		};
/* End PBXProject section */

/* Begin PBXResourcesBuildPhase section */
		A1477B74226EA91A0017FF39 /* Resources */ = {
			isa = PBXResourcesBuildPhase;
			buildActionMask = 2147483647;
			files = (
				DE43B358227B7D0000D0B380 /* claro.jpg in Resources */,
				DE43B359227B7D0000D0B380 /* hitss.jpeg in Resources */,
				DE1F09E32278DF710074C73D /* summary.json in Resources */,
				A1289A21227AB09300FD6148 /* contactInfo.json in Resources */,
				A1477B87226EA91C0017FF39 /* LaunchScreen.storyboard in Resources */,
				A1C53B3F22796C2300991E71 /* work.json in Resources */,
				A1289A18227AA64200FD6148 /* skills.json in Resources */,
				A1477B84226EA91C0017FF39 /* Assets.xcassets in Resources */,
				DE43B357227B7D0000D0B380 /* bbva.png in Resources */,
				A1477B7F226EA91A0017FF39 /* Main.storyboard in Resources */,
				DE43B35B227B7EC300D0B380 /* free.png in Resources */,
			);
			runOnlyForDeploymentPostprocessing = 0;
		};
		A1477B8B226EA91C0017FF39 /* Resources */ = {
			isa = PBXResourcesBuildPhase;
			buildActionMask = 2147483647;
			files = (
			);
			runOnlyForDeploymentPostprocessing = 0;
		};
		A1477B96226EA91C0017FF39 /* Resources */ = {
			isa = PBXResourcesBuildPhase;
			buildActionMask = 2147483647;
			files = (
			);
			runOnlyForDeploymentPostprocessing = 0;
		};
/* End PBXResourcesBuildPhase section */

/* Begin PBXSourcesBuildPhase section */
		A1477B72226EA91A0017FF39 /* Sources */ = {
			isa = PBXSourcesBuildPhase;
			buildActionMask = 2147483647;
			files = (
				A1477B7C226EA91A0017FF39 /* ViewController.swift in Sources */,
				DEC5DBEA2273A55B005309BA /* KeychainService.swift in Sources */,
				A1477B82226EA91A0017FF39 /* OriginTest.xcdatamodeld in Sources */,
				A1477B7A226EA91A0017FF39 /* AppDelegate.swift in Sources */,
			);
			runOnlyForDeploymentPostprocessing = 0;
		};
		A1477B89226EA91C0017FF39 /* Sources */ = {
			isa = PBXSourcesBuildPhase;
			buildActionMask = 2147483647;
			files = (
				A1477B92226EA91C0017FF39 /* OriginTestTests.swift in Sources */,
			);
			runOnlyForDeploymentPostprocessing = 0;
		};
		A1477B94226EA91C0017FF39 /* Sources */ = {
			isa = PBXSourcesBuildPhase;
			buildActionMask = 2147483647;
			files = (
				A1477B9D226EA91C0017FF39 /* OriginTestUITests.swift in Sources */,
			);
			runOnlyForDeploymentPostprocessing = 0;
		};
/* End PBXSourcesBuildPhase section */

/* Begin PBXTargetDependency section */
		A1477B8F226EA91C0017FF39 /* PBXTargetDependency */ = {
			isa = PBXTargetDependency;
			target = A1477B75226EA91A0017FF39 /* OriginTest */;
			targetProxy = A1477B8E226EA91C0017FF39 /* PBXContainerItemProxy */;
		};
		A1477B9A226EA91C0017FF39 /* PBXTargetDependency */ = {
			isa = PBXTargetDependency;
			target = A1477B75226EA91A0017FF39 /* OriginTest */;
			targetProxy = A1477B99226EA91C0017FF39 /* PBXContainerItemProxy */;
		};
/* End PBXTargetDependency section */

/* Begin PBXVariantGroup section */
		A1477B7D226EA91A0017FF39 /* Main.storyboard */ = {
			isa = PBXVariantGroup;
			children = (
				A1477B7E226EA91A0017FF39 /* Base */,
			);
			name = Main.storyboard;
			sourceTree = "<group>";
		};
		A1477B85226EA91C0017FF39 /* LaunchScreen.storyboard */ = {
			isa = PBXVariantGroup;
			children = (
				A1477B86226EA91C0017FF39 /* Base */,
			);
			name = LaunchScreen.storyboard;
			sourceTree = "<group>";
		};
/* End PBXVariantGroup section */

/* Begin XCBuildConfiguration section */
		A1477B9F226EA91C0017FF39 /* Debug */ = {
			isa = XCBuildConfiguration;
			buildSettings = {
				ALWAYS_SEARCH_USER_PATHS = NO;
				CLANG_ANALYZER_NONNULL = YES;
				CLANG_ANALYZER_NUMBER_OBJECT_CONVERSION = YES_AGGRESSIVE;
				CLANG_CXX_LANGUAGE_STANDARD = "gnu++14";
				CLANG_CXX_LIBRARY = "libc++";
				CLANG_ENABLE_MODULES = YES;
				CLANG_ENABLE_OBJC_ARC = YES;
				CLANG_ENABLE_OBJC_WEAK = YES;
				CLANG_WARN_BLOCK_CAPTURE_AUTORELEASING = YES;
				CLANG_WARN_BOOL_CONVERSION = YES;
				CLANG_WARN_COMMA = YES;
				CLANG_WARN_CONSTANT_CONVERSION = YES;
				CLANG_WARN_DEPRECATED_OBJC_IMPLEMENTATIONS = YES;
				CLANG_WARN_DIRECT_OBJC_ISA_USAGE = YES_ERROR;
				CLANG_WARN_DOCUMENTATION_COMMENTS = YES;
				CLANG_WARN_EMPTY_BODY = YES;
				CLANG_WARN_ENUM_CONVERSION = YES;
				CLANG_WARN_INFINITE_RECURSION = YES;
				CLANG_WARN_INT_CONVERSION = YES;
				CLANG_WARN_NON_LITERAL_NULL_CONVERSION = YES;
				CLANG_WARN_OBJC_IMPLICIT_RETAIN_SELF = YES;
				CLANG_WARN_OBJC_LITERAL_CONVERSION = YES;
				CLANG_WARN_OBJC_ROOT_CLASS = YES_ERROR;
				CLANG_WARN_RANGE_LOOP_ANALYSIS = YES;
				CLANG_WARN_STRICT_PROTOTYPES = YES;
				CLANG_WARN_SUSPICIOUS_MOVE = YES;
				CLANG_WARN_UNGUARDED_AVAILABILITY = YES_AGGRESSIVE;
				CLANG_WARN_UNREACHABLE_CODE = YES;
				CLANG_WARN__DUPLICATE_METHOD_MATCH = YES;
				CODE_SIGN_IDENTITY = "iPhone Developer";
				COPY_PHASE_STRIP = NO;
				DEBUG_INFORMATION_FORMAT = dwarf;
				ENABLE_STRICT_OBJC_MSGSEND = YES;
				ENABLE_TESTABILITY = YES;
				GCC_C_LANGUAGE_STANDARD = gnu11;
				GCC_DYNAMIC_NO_PIC = NO;
				GCC_NO_COMMON_BLOCKS = YES;
				GCC_OPTIMIZATION_LEVEL = 0;
				GCC_PREPROCESSOR_DEFINITIONS = (
					"DEBUG=1",
					"$(inherited)",
				);
				GCC_WARN_64_TO_32_BIT_CONVERSION = YES;
				GCC_WARN_ABOUT_RETURN_TYPE = YES_ERROR;
				GCC_WARN_UNDECLARED_SELECTOR = YES;
				GCC_WARN_UNINITIALIZED_AUTOS = YES_AGGRESSIVE;
				GCC_WARN_UNUSED_FUNCTION = YES;
				GCC_WARN_UNUSED_VARIABLE = YES;
				IPHONEOS_DEPLOYMENT_TARGET = 12.1;
				MTL_ENABLE_DEBUG_INFO = INCLUDE_SOURCE;
				MTL_FAST_MATH = YES;
				ONLY_ACTIVE_ARCH = YES;
				SDKROOT = iphoneos;
				SWIFT_ACTIVE_COMPILATION_CONDITIONS = DEBUG;
				SWIFT_OPTIMIZATION_LEVEL = "-Onone";
			};
			name = Debug;
		};
		A1477BA0226EA91C0017FF39 /* Release */ = {
			isa = XCBuildConfiguration;
			buildSettings = {
				ALWAYS_SEARCH_USER_PATHS = NO;
				CLANG_ANALYZER_NONNULL = YES;
				CLANG_ANALYZER_NUMBER_OBJECT_CONVERSION = YES_AGGRESSIVE;
				CLANG_CXX_LANGUAGE_STANDARD = "gnu++14";
				CLANG_CXX_LIBRARY = "libc++";
				CLANG_ENABLE_MODULES = YES;
				CLANG_ENABLE_OBJC_ARC = YES;
				CLANG_ENABLE_OBJC_WEAK = YES;
				CLANG_WARN_BLOCK_CAPTURE_AUTORELEASING = YES;
				CLANG_WARN_BOOL_CONVERSION = YES;
				CLANG_WARN_COMMA = YES;
				CLANG_WARN_CONSTANT_CONVERSION = YES;
				CLANG_WARN_DEPRECATED_OBJC_IMPLEMENTATIONS = YES;
				CLANG_WARN_DIRECT_OBJC_ISA_USAGE = YES_ERROR;
				CLANG_WARN_DOCUMENTATION_COMMENTS = YES;
				CLANG_WARN_EMPTY_BODY = YES;
				CLANG_WARN_ENUM_CONVERSION = YES;
				CLANG_WARN_INFINITE_RECURSION = YES;
				CLANG_WARN_INT_CONVERSION = YES;
				CLANG_WARN_NON_LITERAL_NULL_CONVERSION = YES;
				CLANG_WARN_OBJC_IMPLICIT_RETAIN_SELF = YES;
				CLANG_WARN_OBJC_LITERAL_CONVERSION = YES;
				CLANG_WARN_OBJC_ROOT_CLASS = YES_ERROR;
				CLANG_WARN_RANGE_LOOP_ANALYSIS = YES;
				CLANG_WARN_STRICT_PROTOTYPES = YES;
				CLANG_WARN_SUSPICIOUS_MOVE = YES;
				CLANG_WARN_UNGUARDED_AVAILABILITY = YES_AGGRESSIVE;
				CLANG_WARN_UNREACHABLE_CODE = YES;
				CLANG_WARN__DUPLICATE_METHOD_MATCH = YES;
				CODE_SIGN_IDENTITY = "iPhone Developer";
				COPY_PHASE_STRIP = NO;
				DEBUG_INFORMATION_FORMAT = "dwarf-with-dsym";
				ENABLE_NS_ASSERTIONS = NO;
				ENABLE_STRICT_OBJC_MSGSEND = YES;
				GCC_C_LANGUAGE_STANDARD = gnu11;
				GCC_NO_COMMON_BLOCKS = YES;
				GCC_WARN_64_TO_32_BIT_CONVERSION = YES;
				GCC_WARN_ABOUT_RETURN_TYPE = YES_ERROR;
				GCC_WARN_UNDECLARED_SELECTOR = YES;
				GCC_WARN_UNINITIALIZED_AUTOS = YES_AGGRESSIVE;
				GCC_WARN_UNUSED_FUNCTION = YES;
				GCC_WARN_UNUSED_VARIABLE = YES;
				IPHONEOS_DEPLOYMENT_TARGET = 12.1;
				MTL_ENABLE_DEBUG_INFO = NO;
				MTL_FAST_MATH = YES;
				SDKROOT = iphoneos;
				SWIFT_COMPILATION_MODE = wholemodule;
				SWIFT_OPTIMIZATION_LEVEL = "-O";
				VALIDATE_PRODUCT = YES;
			};
			name = Release;
		};
		A1477BA2226EA91C0017FF39 /* Debug */ = {
			isa = XCBuildConfiguration;
			buildSettings = {
				ASSETCATALOG_COMPILER_APPICON_NAME = AppIcon;
				CODE_SIGN_ALLOW_ENTITLEMENTS_MODIFICATION = YES;
				CODE_SIGN_ENTITLEMENTS = OriginTest/OriginTest.entitlements;
				CODE_SIGN_STYLE = Automatic;
				DEVELOPMENT_TEAM = LQUE8QE5D8;
				INFOPLIST_FILE = OriginTest/Info.plist;
				IPHONEOS_DEPLOYMENT_TARGET = 12.1;
				LD_RUNPATH_SEARCH_PATHS = (
					"$(inherited)",
					"@executable_path/Frameworks",
				);
				PRODUCT_BUNDLE_IDENTIFIER = com.OriginTest.mobilex;
				PRODUCT_NAME = "$(TARGET_NAME)";
				SWIFT_VERSION = 4.2;
				TARGETED_DEVICE_FAMILY = 1;
			};
			name = Debug;
		};
		A1477BA3226EA91C0017FF39 /* Release */ = {
			isa = XCBuildConfiguration;
			buildSettings = {
				ASSETCATALOG_COMPILER_APPICON_NAME = AppIcon;
				CODE_SIGN_ALLOW_ENTITLEMENTS_MODIFICATION = YES;
				CODE_SIGN_ENTITLEMENTS = OriginTest/OriginTest.entitlements;
				CODE_SIGN_STYLE = Automatic;
				DEVELOPMENT_TEAM = LQUE8QE5D8;
				INFOPLIST_FILE = OriginTest/Info.plist;
				IPHONEOS_DEPLOYMENT_TARGET = 12.1;
				LD_RUNPATH_SEARCH_PATHS = (
					"$(inherited)",
					"@executable_path/Frameworks",
				);
				PRODUCT_BUNDLE_IDENTIFIER = com.OriginTest.mobilex;
				PRODUCT_NAME = "$(TARGET_NAME)";
				SWIFT_VERSION = 4.2;
				TARGETED_DEVICE_FAMILY = 1;
			};
			name = Release;
		};
		A1477BA5226EA91C0017FF39 /* Debug */ = {
			isa = XCBuildConfiguration;
			buildSettings = {
				ALWAYS_EMBED_SWIFT_STANDARD_LIBRARIES = YES;
				BUNDLE_LOADER = "$(TEST_HOST)";
				CODE_SIGN_STYLE = Automatic;
				INFOPLIST_FILE = OriginTestTests/Info.plist;
				LD_RUNPATH_SEARCH_PATHS = (
					"$(inherited)",
					"@executable_path/Frameworks",
					"@loader_path/Frameworks",
				);
				PRODUCT_BUNDLE_IDENTIFIER = com.OriginTestTests;
				PRODUCT_NAME = "$(TARGET_NAME)";
				SWIFT_VERSION = 4.2;
				TARGETED_DEVICE_FAMILY = "1,2";
				TEST_HOST = "$(BUILT_PRODUCTS_DIR)/OriginTest.app/OriginTest";
			};
			name = Debug;
		};
		A1477BA6226EA91C0017FF39 /* Release */ = {
			isa = XCBuildConfiguration;
			buildSettings = {
				ALWAYS_EMBED_SWIFT_STANDARD_LIBRARIES = YES;
				BUNDLE_LOADER = "$(TEST_HOST)";
				CODE_SIGN_STYLE = Automatic;
				INFOPLIST_FILE = OriginTestTests/Info.plist;
				LD_RUNPATH_SEARCH_PATHS = (
					"$(inherited)",
					"@executable_path/Frameworks",
					"@loader_path/Frameworks",
				);
				PRODUCT_BUNDLE_IDENTIFIER = com.OriginTestTests;
				PRODUCT_NAME = "$(TARGET_NAME)";
				SWIFT_VERSION = 4.2;
				TARGETED_DEVICE_FAMILY = "1,2";
				TEST_HOST = "$(BUILT_PRODUCTS_DIR)/OriginTest.app/OriginTest";
			};
			name = Release;
		};
		A1477BA8226EA91C0017FF39 /* Debug */ = {
			isa = XCBuildConfiguration;
			buildSettings = {
				ALWAYS_EMBED_SWIFT_STANDARD_LIBRARIES = YES;
				CODE_SIGN_STYLE = Automatic;
				INFOPLIST_FILE = OriginTestUITests/Info.plist;
				LD_RUNPATH_SEARCH_PATHS = (
					"$(inherited)",
					"@executable_path/Frameworks",
					"@loader_path/Frameworks",
				);
				PRODUCT_BUNDLE_IDENTIFIER = com.OriginTestUITests;
				PRODUCT_NAME = "$(TARGET_NAME)";
				SWIFT_VERSION = 4.2;
				TARGETED_DEVICE_FAMILY = "1,2";
				TEST_TARGET_NAME = OriginTest;
			};
			name = Debug;
		};
		A1477BA9226EA91C0017FF39 /* Release */ = {
			isa = XCBuildConfiguration;
			buildSettings = {
				ALWAYS_EMBED_SWIFT_STANDARD_LIBRARIES = YES;
				CODE_SIGN_STYLE = Automatic;
				INFOPLIST_FILE = OriginTestUITests/Info.plist;
				LD_RUNPATH_SEARCH_PATHS = (
					"$(inherited)",
					"@executable_path/Frameworks",
					"@loader_path/Frameworks",
				);
				PRODUCT_BUNDLE_IDENTIFIER = com.OriginTestUITests;
				PRODUCT_NAME = "$(TARGET_NAME)";
				SWIFT_VERSION = 4.2;
				TARGETED_DEVICE_FAMILY = "1,2";
				TEST_TARGET_NAME = OriginTest;
			};
			name = Release;
		};
/* End XCBuildConfiguration section */

/* Begin XCConfigurationList section */
		A1477B71226EA91A0017FF39 /* Build configuration list for PBXProject "OriginTest" */ = {
			isa = XCConfigurationList;
			buildConfigurations = (
				A1477B9F226EA91C0017FF39 /* Debug */,
				A1477BA0226EA91C0017FF39 /* Release */,
			);
			defaultConfigurationIsVisible = 0;
			defaultConfigurationName = Release;
		};
		A1477BA1226EA91C0017FF39 /* Build configuration list for PBXNativeTarget "OriginTest" */ = {
			isa = XCConfigurationList;
			buildConfigurations = (
				A1477BA2226EA91C0017FF39 /* Debug */,
				A1477BA3226EA91C0017FF39 /* Release */,
			);
			defaultConfigurationIsVisible = 0;
			defaultConfigurationName = Release;
		};
		A1477BA4226EA91C0017FF39 /* Build configuration list for PBXNativeTarget "OriginTestTests" */ = {
			isa = XCConfigurationList;
			buildConfigurations = (
				A1477BA5226EA91C0017FF39 /* Debug */,
				A1477BA6226EA91C0017FF39 /* Release */,
			);
			defaultConfigurationIsVisible = 0;
			defaultConfigurationName = Release;
		};
		A1477BA7226EA91C0017FF39 /* Build configuration list for PBXNativeTarget "OriginTestUITests" */ = {
			isa = XCConfigurationList;
			buildConfigurations = (
				A1477BA8226EA91C0017FF39 /* Debug */,
				A1477BA9226EA91C0017FF39 /* Release */,
			);
			defaultConfigurationIsVisible = 0;
			defaultConfigurationName = Release;
		};
/* End XCConfigurationList section */

/* Begin XCVersionGroup section */
		A1477B80226EA91A0017FF39 /* OriginTest.xcdatamodeld */ = {
			isa = XCVersionGroup;
			children = (
				A1477B81226EA91A0017FF39 /* OriginTest.xcdatamodel */,
			);
			currentVersion = A1477B81226EA91A0017FF39 /* OriginTest.xcdatamodel */;
			path = OriginTest.xcdatamodeld;
			sourceTree = "<group>";
			versionGroupType = wrapper.xcdatamodel;
		};
/* End XCVersionGroup section */
	};
	rootObject = A1477B6E226EA91A0017FF39 /* Project object */;
}
